{
  "nodes": {
    "nixpkgs": {
      "locked": {
        "lastModified": 1725631097,
        "narHash": "sha256-xHIjnO2B0ZYiZ8KCTaKgLMK8X6ZXfRAJs6lJt0bBARU=",
        "owner": "NixOS",
        "repo": "nixpkgs",
        "rev": "87c8bf47ee4ae706a7144719c2a409fb006150eb",
        "type": "github"
      },
      "original": {
        "owner": "NixOS",
        "repo": "nixpkgs",
        "type": "github"
      }
    },
    "root": {
      "inputs": {
        "nixpkgs": "nixpkgs"
      }
    }
  },
  "root": "root",
  "version": 7
}
